// !$*UTF8*$!
{
	archiveVersion = 1;
	classes = {
	};
	objectVersion = 56;
	objects = {

/* Begin PBXBuildFile section */
		8405F08A29BD12B6002CD175 /* bicyclemeterApp.swift in Sources */ = {isa = PBXBuildFile; fileRef = 8405F08929BD12B6002CD175 /* bicyclemeterApp.swift */; };
		8405F08C29BD12B6002CD175 /* ContentView.swift in Sources */ = {isa = PBXBuildFile; fileRef = 8405F08B29BD12B6002CD175 /* ContentView.swift */; };
		8405F08E29BD12B7002CD175 /* Assets.xcassets in Resources */ = {isa = PBXBuildFile; fileRef = 8405F08D29BD12B7002CD175 /* Assets.xcassets */; };
		8405F09129BD12B7002CD175 /* Preview Assets.xcassets in Resources */ = {isa = PBXBuildFile; fileRef = 8405F09029BD12B7002CD175 /* Preview Assets.xcassets */; };
		8405F09B29BD12B7002CD175 /* bicyclemeterTests.swift in Sources */ = {isa = PBXBuildFile; fileRef = 8405F09A29BD12B7002CD175 /* bicyclemeterTests.swift */; };
		8405F0A529BD12B7002CD175 /* bicyclemeterUITests.swift in Sources */ = {isa = PBXBuildFile; fileRef = 8405F0A429BD12B7002CD175 /* bicyclemeterUITests.swift */; };
		8405F0A729BD12B7002CD175 /* bicyclemeterUITestsLaunchTests.swift in Sources */ = {isa = PBXBuildFile; fileRef = 8405F0A629BD12B7002CD175 /* bicyclemeterUITestsLaunchTests.swift */; };
		8481D0CD29BF17080078C13A /* CoreBluetooth.framework in Frameworks */ = {isa = PBXBuildFile; fileRef = 8481D0CC29BF17080078C13A /* CoreBluetooth.framework */; };
		84928ABA29BE09D500ACB297 /* libreax.a in Frameworks */ = {isa = PBXBuildFile; fileRef = 84928AB929BE09C900ACB297 /* libreax.a */; };
		84928ABC29BE1DE600ACB297 /* CoreLocation.framework in Frameworks */ = {isa = PBXBuildFile; fileRef = 84928ABB29BE1DE600ACB297 /* CoreLocation.framework */; };
/* End PBXBuildFile section */

/* Begin PBXContainerItemProxy section */
		8405F09729BD12B7002CD175 /* PBXContainerItemProxy */ = {
			isa = PBXContainerItemProxy;
			containerPortal = 8405F07E29BD12B5002CD175 /* Project object */;
			proxyType = 1;
			remoteGlobalIDString = 8405F08529BD12B6002CD175;
			remoteInfo = bicyclemeter;
		};
		8405F0A129BD12B7002CD175 /* PBXContainerItemProxy */ = {
			isa = PBXContainerItemProxy;
			containerPortal = 8405F07E29BD12B5002CD175 /* Project object */;
			proxyType = 1;
			remoteGlobalIDString = 8405F08529BD12B6002CD175;
			remoteInfo = bicyclemeter;
		};
/* End PBXContainerItemProxy section */

/* Begin PBXFileReference section */
		8405F08629BD12B6002CD175 /* bicyclemeter.app */ = {isa = PBXFileReference; explicitFileType = wrapper.application; includeInIndex = 0; path = bicyclemeter.app; sourceTree = BUILT_PRODUCTS_DIR; };
		8405F08929BD12B6002CD175 /* bicyclemeterApp.swift */ = {isa = PBXFileReference; lastKnownFileType = sourcecode.swift; path = bicyclemeterApp.swift; sourceTree = "<group>"; };
		8405F08B29BD12B6002CD175 /* ContentView.swift */ = {isa = PBXFileReference; lastKnownFileType = sourcecode.swift; path = ContentView.swift; sourceTree = "<group>"; };
		8405F08D29BD12B7002CD175 /* Assets.xcassets */ = {isa = PBXFileReference; lastKnownFileType = folder.assetcatalog; path = Assets.xcassets; sourceTree = "<group>"; };
		8405F09029BD12B7002CD175 /* Preview Assets.xcassets */ = {isa = PBXFileReference; lastKnownFileType = folder.assetcatalog; path = "Preview Assets.xcassets"; sourceTree = "<group>"; };
		8405F09629BD12B7002CD175 /* bicyclemeterTests.xctest */ = {isa = PBXFileReference; explicitFileType = wrapper.cfbundle; includeInIndex = 0; path = bicyclemeterTests.xctest; sourceTree = BUILT_PRODUCTS_DIR; };
		8405F09A29BD12B7002CD175 /* bicyclemeterTests.swift */ = {isa = PBXFileReference; lastKnownFileType = sourcecode.swift; path = bicyclemeterTests.swift; sourceTree = "<group>"; };
		8405F0A029BD12B7002CD175 /* bicyclemeterUITests.xctest */ = {isa = PBXFileReference; explicitFileType = wrapper.cfbundle; includeInIndex = 0; path = bicyclemeterUITests.xctest; sourceTree = BUILT_PRODUCTS_DIR; };
		8405F0A429BD12B7002CD175 /* bicyclemeterUITests.swift */ = {isa = PBXFileReference; lastKnownFileType = sourcecode.swift; path = bicyclemeterUITests.swift; sourceTree = "<group>"; };
		8405F0A629BD12B7002CD175 /* bicyclemeterUITestsLaunchTests.swift */ = {isa = PBXFileReference; lastKnownFileType = sourcecode.swift; path = bicyclemeterUITestsLaunchTests.swift; sourceTree = "<group>"; };
		8481D0CC29BF17080078C13A /* CoreBluetooth.framework */ = {isa = PBXFileReference; lastKnownFileType = wrapper.framework; name = CoreBluetooth.framework; path = System/Library/Frameworks/CoreBluetooth.framework; sourceTree = SDKROOT; };
		84928AB929BE09C900ACB297 /* libreax.a */ = {isa = PBXFileReference; lastKnownFileType = archive.ar; name = libreax.a; path = "../../../Users/eerie/projects/tmp/bicyclemeter/x86_64-apple-ios/debug/libreax.a"; sourceTree = "<group>"; };
		84928ABB29BE1DE600ACB297 /* CoreLocation.framework */ = {isa = PBXFileReference; lastKnownFileType = wrapper.framework; name = CoreLocation.framework; path = System/Library/Frameworks/CoreLocation.framework; sourceTree = SDKROOT; };
		84928ABD29BE265B00ACB297 /* Info.plist */ = {isa = PBXFileReference; lastKnownFileType = text.plist; path = Info.plist; sourceTree = "<group>"; };
/* End PBXFileReference section */

/* Begin PBXFrameworksBuildPhase section */
		8405F08329BD12B6002CD175 /* Frameworks */ = {
			isa = PBXFrameworksBuildPhase;
			buildActionMask = 2147483647;
			files = (
				84928ABC29BE1DE600ACB297 /* CoreLocation.framework in Frameworks */,
				8481D0CD29BF17080078C13A /* CoreBluetooth.framework in Frameworks */,
				84928ABA29BE09D500ACB297 /* libreax.a in Frameworks */,
			);
			runOnlyForDeploymentPostprocessing = 0;
		};
		8405F09329BD12B7002CD175 /* Frameworks */ = {
			isa = PBXFrameworksBuildPhase;
			buildActionMask = 2147483647;
			files = (
			);
			runOnlyForDeploymentPostprocessing = 0;
		};
		8405F09D29BD12B7002CD175 /* Frameworks */ = {
			isa = PBXFrameworksBuildPhase;
			buildActionMask = 2147483647;
			files = (
			);
			runOnlyForDeploymentPostprocessing = 0;
		};
/* End PBXFrameworksBuildPhase section */

/* Begin PBXGroup section */
		8405F07D29BD12B5002CD175 = {
			isa = PBXGroup;
			children = (
				8405F08829BD12B6002CD175 /* bicyclemeter */,
				8405F09929BD12B7002CD175 /* bicyclemeterTests */,
				8405F0A329BD12B7002CD175 /* bicyclemeterUITests */,
				8405F08729BD12B6002CD175 /* Products */,
				84928AB629BE098200ACB297 /* Frameworks */,
			);
			sourceTree = "<group>";
		};
		8405F08729BD12B6002CD175 /* Products */ = {
			isa = PBXGroup;
			children = (
				8405F08629BD12B6002CD175 /* bicyclemeter.app */,
				8405F09629BD12B7002CD175 /* bicyclemeterTests.xctest */,
				8405F0A029BD12B7002CD175 /* bicyclemeterUITests.xctest */,
			);
			name = Products;
			sourceTree = "<group>";
		};
		8405F08829BD12B6002CD175 /* bicyclemeter */ = {
			isa = PBXGroup;
			children = (
				84928ABD29BE265B00ACB297 /* Info.plist */,
				8405F08929BD12B6002CD175 /* bicyclemeterApp.swift */,
				8405F08B29BD12B6002CD175 /* ContentView.swift */,
				8405F08D29BD12B7002CD175 /* Assets.xcassets */,
				8405F08F29BD12B7002CD175 /* Preview Content */,
			);
			path = bicyclemeter;
			sourceTree = "<group>";
		};
		8405F08F29BD12B7002CD175 /* Preview Content */ = {
			isa = PBXGroup;
			children = (
				8405F09029BD12B7002CD175 /* Preview Assets.xcassets */,
			);
			path = "Preview Content";
			sourceTree = "<group>";
		};
		8405F09929BD12B7002CD175 /* bicyclemeterTests */ = {
			isa = PBXGroup;
			children = (
				8405F09A29BD12B7002CD175 /* bicyclemeterTests.swift */,
			);
			path = bicyclemeterTests;
			sourceTree = "<group>";
		};
		8405F0A329BD12B7002CD175 /* bicyclemeterUITests */ = {
			isa = PBXGroup;
			children = (
				8405F0A429BD12B7002CD175 /* bicyclemeterUITests.swift */,
				8405F0A629BD12B7002CD175 /* bicyclemeterUITestsLaunchTests.swift */,
			);
			path = bicyclemeterUITests;
			sourceTree = "<group>";
		};
		84928AB629BE098200ACB297 /* Frameworks */ = {
			isa = PBXGroup;
			children = (
				8481D0CC29BF17080078C13A /* CoreBluetooth.framework */,
				84928ABB29BE1DE600ACB297 /* CoreLocation.framework */,
				84928AB929BE09C900ACB297 /* libreax.a */,
			);
			name = Frameworks;
			sourceTree = "<group>";
		};
/* End PBXGroup section */

/* Begin PBXNativeTarget section */
		8405F08529BD12B6002CD175 /* bicyclemeter */ = {
			isa = PBXNativeTarget;
			buildConfigurationList = 8405F0AA29BD12B7002CD175 /* Build configuration list for PBXNativeTarget "bicyclemeter" */;
			buildPhases = (
				8405F08229BD12B6002CD175 /* Sources */,
				8405F08329BD12B6002CD175 /* Frameworks */,
				8405F08429BD12B6002CD175 /* Resources */,
			);
			buildRules = (
			);
			dependencies = (
			);
			name = bicyclemeter;
			productName = bicyclemeter;
			productReference = 8405F08629BD12B6002CD175 /* bicyclemeter.app */;
			productType = "com.apple.product-type.application";
		};
		8405F09529BD12B7002CD175 /* bicyclemeterTests */ = {
			isa = PBXNativeTarget;
			buildConfigurationList = 8405F0AD29BD12B7002CD175 /* Build configuration list for PBXNativeTarget "bicyclemeterTests" */;
			buildPhases = (
				8405F09229BD12B7002CD175 /* Sources */,
				8405F09329BD12B7002CD175 /* Frameworks */,
				8405F09429BD12B7002CD175 /* Resources */,
			);
			buildRules = (
			);
			dependencies = (
				8405F09829BD12B7002CD175 /* PBXTargetDependency */,
			);
			name = bicyclemeterTests;
			productName = bicyclemeterTests;
			productReference = 8405F09629BD12B7002CD175 /* bicyclemeterTests.xctest */;
			productType = "com.apple.product-type.bundle.unit-test";
		};
		8405F09F29BD12B7002CD175 /* bicyclemeterUITests */ = {
			isa = PBXNativeTarget;
			buildConfigurationList = 8405F0B029BD12B7002CD175 /* Build configuration list for PBXNativeTarget "bicyclemeterUITests" */;
			buildPhases = (
				8405F09C29BD12B7002CD175 /* Sources */,
				8405F09D29BD12B7002CD175 /* Frameworks */,
				8405F09E29BD12B7002CD175 /* Resources */,
			);
			buildRules = (
			);
			dependencies = (
				8405F0A229BD12B7002CD175 /* PBXTargetDependency */,
			);
			name = bicyclemeterUITests;
			productName = bicyclemeterUITests;
			productReference = 8405F0A029BD12B7002CD175 /* bicyclemeterUITests.xctest */;
			productType = "com.apple.product-type.bundle.ui-testing";
		};
/* End PBXNativeTarget section */

/* Begin PBXProject section */
		8405F07E29BD12B5002CD175 /* Project object */ = {
			isa = PBXProject;
			attributes = {
				BuildIndependentTargetsInParallel = 1;
				LastSwiftUpdateCheck = 1420;
				LastUpgradeCheck = 1420;
				TargetAttributes = {
					8405F08529BD12B6002CD175 = {
						CreatedOnToolsVersion = 14.2;
					};
					8405F09529BD12B7002CD175 = {
						CreatedOnToolsVersion = 14.2;
						TestTargetID = 8405F08529BD12B6002CD175;
					};
					8405F09F29BD12B7002CD175 = {
						CreatedOnToolsVersion = 14.2;
						TestTargetID = 8405F08529BD12B6002CD175;
					};
				};
			};
			buildConfigurationList = 8405F08129BD12B5002CD175 /* Build configuration list for PBXProject "bicyclemeter" */;
			compatibilityVersion = "Xcode 14.0";
			developmentRegion = en;
			hasScannedForEncodings = 0;
			knownRegions = (
				en,
				Base,
			);
			mainGroup = 8405F07D29BD12B5002CD175;
			productRefGroup = 8405F08729BD12B6002CD175 /* Products */;
			projectDirPath = "";
			projectRoot = "";
			targets = (
				8405F08529BD12B6002CD175 /* bicyclemeter */,
				8405F09529BD12B7002CD175 /* bicyclemeterTests */,
				8405F09F29BD12B7002CD175 /* bicyclemeterUITests */,
			);
		};
/* End PBXProject section */

/* Begin PBXResourcesBuildPhase section */
		8405F08429BD12B6002CD175 /* Resources */ = {
			isa = PBXResourcesBuildPhase;
			buildActionMask = 2147483647;
			files = (
				8405F09129BD12B7002CD175 /* Preview Assets.xcassets in Resources */,
				8405F08E29BD12B7002CD175 /* Assets.xcassets in Resources */,
			);
			runOnlyForDeploymentPostprocessing = 0;
		};
		8405F09429BD12B7002CD175 /* Resources */ = {
			isa = PBXResourcesBuildPhase;
			buildActionMask = 2147483647;
			files = (
			);
			runOnlyForDeploymentPostprocessing = 0;
		};
		8405F09E29BD12B7002CD175 /* Resources */ = {
			isa = PBXResourcesBuildPhase;
			buildActionMask = 2147483647;
			files = (
			);
			runOnlyForDeploymentPostprocessing = 0;
		};
/* End PBXResourcesBuildPhase section */

/* Begin PBXSourcesBuildPhase section */
		8405F08229BD12B6002CD175 /* Sources */ = {
			isa = PBXSourcesBuildPhase;
			buildActionMask = 2147483647;
			files = (
				8405F08C29BD12B6002CD175 /* ContentView.swift in Sources */,
				8405F08A29BD12B6002CD175 /* bicyclemeterApp.swift in Sources */,
			);
			runOnlyForDeploymentPostprocessing = 0;
		};
		8405F09229BD12B7002CD175 /* Sources */ = {
			isa = PBXSourcesBuildPhase;
			buildActionMask = 2147483647;
			files = (
				8405F09B29BD12B7002CD175 /* bicyclemeterTests.swift in Sources */,
			);
			runOnlyForDeploymentPostprocessing = 0;
		};
		8405F09C29BD12B7002CD175 /* Sources */ = {
			isa = PBXSourcesBuildPhase;
			buildActionMask = 2147483647;
			files = (
				8405F0A729BD12B7002CD175 /* bicyclemeterUITestsLaunchTests.swift in Sources */,
				8405F0A529BD12B7002CD175 /* bicyclemeterUITests.swift in Sources */,
			);
			runOnlyForDeploymentPostprocessing = 0;
		};
/* End PBXSourcesBuildPhase section */

/* Begin PBXTargetDependency section */
		8405F09829BD12B7002CD175 /* PBXTargetDependency */ = {
			isa = PBXTargetDependency;
			target = 8405F08529BD12B6002CD175 /* bicyclemeter */;
			targetProxy = 8405F09729BD12B7002CD175 /* PBXContainerItemProxy */;
		};
		8405F0A229BD12B7002CD175 /* PBXTargetDependency */ = {
			isa = PBXTargetDependency;
			target = 8405F08529BD12B6002CD175 /* bicyclemeter */;
			targetProxy = 8405F0A129BD12B7002CD175 /* PBXContainerItemProxy */;
		};
/* End PBXTargetDependency section */

/* Begin XCBuildConfiguration section */
		8405F0A829BD12B7002CD175 /* Debug */ = {
			isa = XCBuildConfiguration;
			buildSettings = {
				ALWAYS_SEARCH_USER_PATHS = NO;
				CLANG_ANALYZER_NONNULL = YES;
				CLANG_ANALYZER_NUMBER_OBJECT_CONVERSION = YES_AGGRESSIVE;
				CLANG_CXX_LANGUAGE_STANDARD = "gnu++20";
				CLANG_ENABLE_MODULES = YES;
				CLANG_ENABLE_OBJC_ARC = YES;
				CLANG_ENABLE_OBJC_WEAK = YES;
				CLANG_WARN_BLOCK_CAPTURE_AUTORELEASING = YES;
				CLANG_WARN_BOOL_CONVERSION = YES;
				CLANG_WARN_COMMA = YES;
				CLANG_WARN_CONSTANT_CONVERSION = YES;
				CLANG_WARN_DEPRECATED_OBJC_IMPLEMENTATIONS = YES;
				CLANG_WARN_DIRECT_OBJC_ISA_USAGE = YES_ERROR;
				CLANG_WARN_DOCUMENTATION_COMMENTS = YES;
				CLANG_WARN_EMPTY_BODY = YES;
				CLANG_WARN_ENUM_CONVERSION = YES;
				CLANG_WARN_INFINITE_RECURSION = YES;
				CLANG_WARN_INT_CONVERSION = YES;
				CLANG_WARN_NON_LITERAL_NULL_CONVERSION = YES;
				CLANG_WARN_OBJC_IMPLICIT_RETAIN_SELF = YES;
				CLANG_WARN_OBJC_LITERAL_CONVERSION = YES;
				CLANG_WARN_OBJC_ROOT_CLASS = YES_ERROR;
				CLANG_WARN_QUOTED_INCLUDE_IN_FRAMEWORK_HEADER = YES;
				CLANG_WARN_RANGE_LOOP_ANALYSIS = YES;
				CLANG_WARN_STRICT_PROTOTYPES = YES;
				CLANG_WARN_SUSPICIOUS_MOVE = YES;
				CLANG_WARN_UNGUARDED_AVAILABILITY = YES_AGGRESSIVE;
				CLANG_WARN_UNREACHABLE_CODE = YES;
				CLANG_WARN__DUPLICATE_METHOD_MATCH = YES;
				COPY_PHASE_STRIP = NO;
				DEBUG_INFORMATION_FORMAT = dwarf;
				ENABLE_STRICT_OBJC_MSGSEND = YES;
				ENABLE_TESTABILITY = YES;
				GCC_C_LANGUAGE_STANDARD = gnu11;
				GCC_DYNAMIC_NO_PIC = NO;
				GCC_NO_COMMON_BLOCKS = YES;
				GCC_OPTIMIZATION_LEVEL = 0;
				GCC_PREPROCESSOR_DEFINITIONS = (
					"DEBUG=1",
					"$(inherited)",
				);
				GCC_WARN_64_TO_32_BIT_CONVERSION = YES;
				GCC_WARN_ABOUT_RETURN_TYPE = YES_ERROR;
				GCC_WARN_UNDECLARED_SELECTOR = YES;
				GCC_WARN_UNINITIALIZED_AUTOS = YES_AGGRESSIVE;
				GCC_WARN_UNUSED_FUNCTION = YES;
				GCC_WARN_UNUSED_VARIABLE = YES;
				IPHONEOS_DEPLOYMENT_TARGET = 16.2;
				MTL_ENABLE_DEBUG_INFO = INCLUDE_SOURCE;
				MTL_FAST_MATH = YES;
				ONLY_ACTIVE_ARCH = YES;
				SDKROOT = iphoneos;
				SWIFT_ACTIVE_COMPILATION_CONDITIONS = DEBUG;
				SWIFT_OPTIMIZATION_LEVEL = "-Onone";
			};
			name = Debug;
		};
		8405F0A929BD12B7002CD175 /* Release */ = {
			isa = XCBuildConfiguration;
			buildSettings = {
				ALWAYS_SEARCH_USER_PATHS = NO;
				CLANG_ANALYZER_NONNULL = YES;
				CLANG_ANALYZER_NUMBER_OBJECT_CONVERSION = YES_AGGRESSIVE;
				CLANG_CXX_LANGUAGE_STANDARD = "gnu++20";
				CLANG_ENABLE_MODULES = YES;
				CLANG_ENABLE_OBJC_ARC = YES;
				CLANG_ENABLE_OBJC_WEAK = YES;
				CLANG_WARN_BLOCK_CAPTURE_AUTORELEASING = YES;
				CLANG_WARN_BOOL_CONVERSION = YES;
				CLANG_WARN_COMMA = YES;
				CLANG_WARN_CONSTANT_CONVERSION = YES;
				CLANG_WARN_DEPRECATED_OBJC_IMPLEMENTATIONS = YES;
				CLANG_WARN_DIRECT_OBJC_ISA_USAGE = YES_ERROR;
				CLANG_WARN_DOCUMENTATION_COMMENTS = YES;
				CLANG_WARN_EMPTY_BODY = YES;
				CLANG_WARN_ENUM_CONVERSION = YES;
				CLANG_WARN_INFINITE_RECURSION = YES;
				CLANG_WARN_INT_CONVERSION = YES;
				CLANG_WARN_NON_LITERAL_NULL_CONVERSION = YES;
				CLANG_WARN_OBJC_IMPLICIT_RETAIN_SELF = YES;
				CLANG_WARN_OBJC_LITERAL_CONVERSION = YES;
				CLANG_WARN_OBJC_ROOT_CLASS = YES_ERROR;
				CLANG_WARN_QUOTED_INCLUDE_IN_FRAMEWORK_HEADER = YES;
				CLANG_WARN_RANGE_LOOP_ANALYSIS = YES;
				CLANG_WARN_STRICT_PROTOTYPES = YES;
				CLANG_WARN_SUSPICIOUS_MOVE = YES;
				CLANG_WARN_UNGUARDED_AVAILABILITY = YES_AGGRESSIVE;
				CLANG_WARN_UNREACHABLE_CODE = YES;
				CLANG_WARN__DUPLICATE_METHOD_MATCH = YES;
				COPY_PHASE_STRIP = NO;
				DEBUG_INFORMATION_FORMAT = "dwarf-with-dsym";
				ENABLE_NS_ASSERTIONS = NO;
				ENABLE_STRICT_OBJC_MSGSEND = YES;
				GCC_C_LANGUAGE_STANDARD = gnu11;
				GCC_NO_COMMON_BLOCKS = YES;
				GCC_WARN_64_TO_32_BIT_CONVERSION = YES;
				GCC_WARN_ABOUT_RETURN_TYPE = YES_ERROR;
				GCC_WARN_UNDECLARED_SELECTOR = YES;
				GCC_WARN_UNINITIALIZED_AUTOS = YES_AGGRESSIVE;
				GCC_WARN_UNUSED_FUNCTION = YES;
				GCC_WARN_UNUSED_VARIABLE = YES;
				IPHONEOS_DEPLOYMENT_TARGET = 16.2;
				MTL_ENABLE_DEBUG_INFO = NO;
				MTL_FAST_MATH = YES;
				SDKROOT = iphoneos;
				SWIFT_COMPILATION_MODE = wholemodule;
				SWIFT_OPTIMIZATION_LEVEL = "-O";
				VALIDATE_PRODUCT = YES;
			};
			name = Release;
		};
		8405F0AB29BD12B7002CD175 /* Debug */ = {
			isa = XCBuildConfiguration;
			buildSettings = {
				ASSETCATALOG_COMPILER_APPICON_NAME = AppIcon;
				ASSETCATALOG_COMPILER_GLOBAL_ACCENT_COLOR_NAME = AccentColor;
				CODE_SIGN_STYLE = Automatic;
				CURRENT_PROJECT_VERSION = 1;
				DEVELOPMENT_ASSET_PATHS = "\"bicyclemeter/Preview Content\"";
				DEVELOPMENT_TEAM = 2FQV425TS4;
				ENABLE_PREVIEWS = YES;
				GENERATE_INFOPLIST_FILE = YES;
				INFOPLIST_FILE = bicyclemeter/Info.plist;
				INFOPLIST_KEY_CFBundleDisplayName = Bicyclemeter;
				INFOPLIST_KEY_LSApplicationCategoryType = "public.app-category.sports";
				INFOPLIST_KEY_UIApplicationSceneManifest_Generation = YES;
				INFOPLIST_KEY_UIApplicationSupportsIndirectInputEvents = YES;
				INFOPLIST_KEY_UILaunchScreen_Generation = YES;
				INFOPLIST_KEY_UISupportedInterfaceOrientations_iPad = "UIInterfaceOrientationPortrait UIInterfaceOrientationPortraitUpsideDown UIInterfaceOrientationLandscapeLeft UIInterfaceOrientationLandscapeRight";
				INFOPLIST_KEY_UISupportedInterfaceOrientations_iPhone = "UIInterfaceOrientationPortrait UIInterfaceOrientationLandscapeLeft UIInterfaceOrientationLandscapeRight";
				IPHONEOS_DEPLOYMENT_TARGET = 15.6;
				LD_RUNPATH_SEARCH_PATHS = (
					"$(inherited)",
					"@executable_path/Frameworks",
				);
				LIBRARY_SEARCH_PATHS = (
					"/Users/eerie/projects/tmp/bicyclemeter/aarch64-apple-ios/debug",
					"/Users/eerie/projects/tmp/bicyclemeter/x86_64-apple-ios/debug",
				);
				MARKETING_VERSION = 1.0;
				PRODUCT_BUNDLE_IDENTIFIER = com.bwqr.bicyclemeter;
				PRODUCT_NAME = "$(TARGET_NAME)";
				SWIFT_EMIT_LOC_STRINGS = YES;
				SWIFT_OBJC_BRIDGING_HEADER = ../reax/ios/src/reax.h;
				SWIFT_VERSION = 5.0;
				TARGETED_DEVICE_FAMILY = "1,2";
			};
			name = Debug;
		};
		8405F0AC29BD12B7002CD175 /* Release */ = {
			isa = XCBuildConfiguration;
			buildSettings = {
				ASSETCATALOG_COMPILER_APPICON_NAME = AppIcon;
				ASSETCATALOG_COMPILER_GLOBAL_ACCENT_COLOR_NAME = AccentColor;
				CODE_SIGN_STYLE = Automatic;
				CURRENT_PROJECT_VERSION = 1;
				DEVELOPMENT_ASSET_PATHS = "\"bicyclemeter/Preview Content\"";
				DEVELOPMENT_TEAM = 2FQV425TS4;
				ENABLE_PREVIEWS = YES;
				GENERATE_INFOPLIST_FILE = YES;
				INFOPLIST_FILE = bicyclemeter/Info.plist;
				INFOPLIST_KEY_CFBundleDisplayName = Bicyclemeter;
				INFOPLIST_KEY_LSApplicationCategoryType = "public.app-category.sports";
				INFOPLIST_KEY_UIApplicationSceneManifest_Generation = YES;
				INFOPLIST_KEY_UIApplicationSupportsIndirectInputEvents = YES;
				INFOPLIST_KEY_UILaunchScreen_Generation = YES;
				INFOPLIST_KEY_UISupportedInterfaceOrientations_iPad = "UIInterfaceOrientationPortrait UIInterfaceOrientationPortraitUpsideDown UIInterfaceOrientationLandscapeLeft UIInterfaceOrientationLandscapeRight";
				INFOPLIST_KEY_UISupportedInterfaceOrientations_iPhone = "UIInterfaceOrientationPortrait UIInterfaceOrientationLandscapeLeft UIInterfaceOrientationLandscapeRight";
				IPHONEOS_DEPLOYMENT_TARGET = 15.6;
				LD_RUNPATH_SEARCH_PATHS = (
					"$(inherited)",
					"@executable_path/Frameworks",
				);
				LIBRARY_SEARCH_PATHS = (
					"/Users/eerie/projects/tmp/bicyclemeter/aarch64-apple-ios/debug",
					"/Users/eerie/projects/tmp/bicyclemeter/x86_64-apple-ios/debug",
				);
				MARKETING_VERSION = 1.0;
				PRODUCT_BUNDLE_IDENTIFIER = com.bwqr.bicyclemeter;
				PRODUCT_NAME = "$(TARGET_NAME)";
				SWIFT_EMIT_LOC_STRINGS = YES;
				SWIFT_OBJC_BRIDGING_HEADER = ../reax/ios/src/reax.h;
				SWIFT_VERSION = 5.0;
				TARGETED_DEVICE_FAMILY = "1,2";
			};
			name = Release;
		};
		8405F0AE29BD12B7002CD175 /* Debug */ = {
			isa = XCBuildConfiguration;
			buildSettings = {
				ALWAYS_EMBED_SWIFT_STANDARD_LIBRARIES = YES;
				BUNDLE_LOADER = "$(TEST_HOST)";
				CODE_SIGN_STYLE = Automatic;
				CURRENT_PROJECT_VERSION = 1;
				DEVELOPMENT_TEAM = 2FQV425TS4;
				GENERATE_INFOPLIST_FILE = YES;
				IPHONEOS_DEPLOYMENT_TARGET = 16.2;
				MARKETING_VERSION = 1.0;
				PRODUCT_BUNDLE_IDENTIFIER = com.bwqr.bicyclemeterTests;
				PRODUCT_NAME = "$(TARGET_NAME)";
				SWIFT_EMIT_LOC_STRINGS = NO;
				SWIFT_VERSION = 5.0;
				TARGETED_DEVICE_FAMILY = "1,2";
				TEST_HOST = "$(BUILT_PRODUCTS_DIR)/bicyclemeter.app/$(BUNDLE_EXECUTABLE_FOLDER_PATH)/bicyclemeter";
			};
			name = Debug;
		};
		8405F0AF29BD12B7002CD175 /* Release */ = {
			isa = XCBuildConfiguration;
			buildSettings = {
				ALWAYS_EMBED_SWIFT_STANDARD_LIBRARIES = YES;
				BUNDLE_LOADER = "$(TEST_HOST)";
				CODE_SIGN_STYLE = Automatic;
				CURRENT_PROJECT_VERSION = 1;
				DEVELOPMENT_TEAM = 2FQV425TS4;
				GENERATE_INFOPLIST_FILE = YES;
				IPHONEOS_DEPLOYMENT_TARGET = 16.2;
				MARKETING_VERSION = 1.0;
				PRODUCT_BUNDLE_IDENTIFIER = com.bwqr.bicyclemeterTests;
				PRODUCT_NAME = "$(TARGET_NAME)";
				SWIFT_EMIT_LOC_STRINGS = NO;
				SWIFT_VERSION = 5.0;
				TARGETED_DEVICE_FAMILY = "1,2";
				TEST_HOST = "$(BUILT_PRODUCTS_DIR)/bicyclemeter.app/$(BUNDLE_EXECUTABLE_FOLDER_PATH)/bicyclemeter";
			};
			name = Release;
		};
		8405F0B129BD12B7002CD175 /* Debug */ = {
			isa = XCBuildConfiguration;
			buildSettings = {
				ALWAYS_EMBED_SWIFT_STANDARD_LIBRARIES = YES;
				CODE_SIGN_STYLE = Automatic;
				CURRENT_PROJECT_VERSION = 1;
				DEVELOPMENT_TEAM = 2FQV425TS4;
				GENERATE_INFOPLIST_FILE = YES;
				MARKETING_VERSION = 1.0;
				PRODUCT_BUNDLE_IDENTIFIER = com.bwqr.bicyclemeterUITests;
				PRODUCT_NAME = "$(TARGET_NAME)";
				SWIFT_EMIT_LOC_STRINGS = NO;
				SWIFT_VERSION = 5.0;
				TARGETED_DEVICE_FAMILY = "1,2";
				TEST_TARGET_NAME = bicyclemeter;
			};
			name = Debug;
		};
		8405F0B229BD12B7002CD175 /* Release */ = {
			isa = XCBuildConfiguration;
			buildSettings = {
				ALWAYS_EMBED_SWIFT_STANDARD_LIBRARIES = YES;
				CODE_SIGN_STYLE = Automatic;
				CURRENT_PROJECT_VERSION = 1;
				DEVELOPMENT_TEAM = 2FQV425TS4;
				GENERATE_INFOPLIST_FILE = YES;
				MARKETING_VERSION = 1.0;
				PRODUCT_BUNDLE_IDENTIFIER = com.bwqr.bicyclemeterUITests;
				PRODUCT_NAME = "$(TARGET_NAME)";
				SWIFT_EMIT_LOC_STRINGS = NO;
				SWIFT_VERSION = 5.0;
				TARGETED_DEVICE_FAMILY = "1,2";
				TEST_TARGET_NAME = bicyclemeter;
			};
			name = Release;
		};
/* End XCBuildConfiguration section */

/* Begin XCConfigurationList section */
		8405F08129BD12B5002CD175 /* Build configuration list for PBXProject "bicyclemeter" */ = {
			isa = XCConfigurationList;
			buildConfigurations = (
				8405F0A829BD12B7002CD175 /* Debug */,
				8405F0A929BD12B7002CD175 /* Release */,
			);
			defaultConfigurationIsVisible = 0;
			defaultConfigurationName = Release;
		};
		8405F0AA29BD12B7002CD175 /* Build configuration list for PBXNativeTarget "bicyclemeter" */ = {
			isa = XCConfigurationList;
			buildConfigurations = (
				8405F0AB29BD12B7002CD175 /* Debug */,
				8405F0AC29BD12B7002CD175 /* Release */,
			);
			defaultConfigurationIsVisible = 0;
			defaultConfigurationName = Release;
		};
		8405F0AD29BD12B7002CD175 /* Build configuration list for PBXNativeTarget "bicyclemeterTests" */ = {
			isa = XCConfigurationList;
			buildConfigurations = (
				8405F0AE29BD12B7002CD175 /* Debug */,
				8405F0AF29BD12B7002CD175 /* Release */,
			);
			defaultConfigurationIsVisible = 0;
			defaultConfigurationName = Release;
		};
		8405F0B029BD12B7002CD175 /* Build configuration list for PBXNativeTarget "bicyclemeterUITests" */ = {
			isa = XCConfigurationList;
			buildConfigurations = (
				8405F0B129BD12B7002CD175 /* Debug */,
				8405F0B229BD12B7002CD175 /* Release */,
			);
			defaultConfigurationIsVisible = 0;
			defaultConfigurationName = Release;
		};
/* End XCConfigurationList section */
	};
	rootObject = 8405F07E29BD12B5002CD175 /* Project object */;
}
